
Microsoft Visual Studio Solution File, Format Version 12.00
# Visual Studio 15
VisualStudioVersion = 15.0.27130.2010
MinimumVisualStudioVersion = 10.0.40219.1
Project("{9A19103F-16F7-4668-BE54-9A1E7A4F7556}") = "Web.Core.2.App", "src\AspNetCoreExample\Web.Core.2.App.csproj", "{3A4D9616-A7BD-4544-B029-4C1F7C2814D3}"
EndProject
Global
	GlobalSection(SolutionConfigurationPlatforms) = preSolution
		Debug|Any CPU = Debug|Any CPU
		Release|Any CPU = Release|Any CPU
	EndGlobalSection
	GlobalSection(ProjectConfigurationPlatforms) = postSolution
		{3A4D9616-A7BD-4544-B029-4C1F7C2814D3}.Debug|Any CPU.ActiveCfg = Debug|Any CPU
		{3A4D9616-A7BD-4544-B029-4C1F7C2814D3}.Debug|Any CPU.Build.0 = Debug|Any CPU
		{3A4D9616-A7BD-4544-B029-4C1F7C2814D3}.Release|Any CPU.ActiveCfg = Release|Any CPU
		{3A4D9616-A7BD-4544-B029-4C1F7C2814D3}.Release|Any CPU.Build.0 = Release|Any CPU
	EndGlobalSection
	GlobalSection(SolutionProperties) = preSolution
		HideSolutionNode = FALSE
	EndGlobalSection
	GlobalSection(ExtensibilityGlobals) = postSolution
		SolutionGuid = {65F8F548-A925-45C0-A1C7-1AD382CBD806}
	EndGlobalSection
EndGlobal
